
Microsoft Visual Studio Solution File, Format Version 12.00
# Visual Studio Version 17
VisualStudioVersion = 17.4.33122.133
MinimumVisualStudioVersion = 10.0.40219.1
Project("{9A19103F-16F7-4668-BE54-9A1E7A4F7556}") = "WebApi", "WebApi.csproj", "{AF8AA05F-8131-4296-A7DA-DB1945A7E3C3}"
EndProject
Project("{FAE04EC0-301F-11D3-BF4B-00C04F79EFBC}") = "WebApiMvc", "..\WebApiMvc\WebApiMvc.csproj", "{9CC179AD-1C13-4F9A-A082-B1EE4BC70126}"
EndProject
Global
	GlobalSection(SolutionConfigurationPlatforms) = preSolution
		Debug|Any CPU = Debug|Any CPU
		Release|Any CPU = Release|Any CPU
	EndGlobalSection
	GlobalSection(ProjectConfigurationPlatforms) = postSolution
		{AF8AA05F-8131-4296-A7DA-DB1945A7E3C3}.Debug|Any CPU.ActiveCfg = Debug|Any CPU
		{AF8AA05F-8131-4296-A7DA-DB1945A7E3C3}.Debug|Any CPU.Build.0 = Debug|Any CPU
		{AF8AA05F-8131-4296-A7DA-DB1945A7E3C3}.Release|Any CPU.ActiveCfg = Release|Any CPU
		{AF8AA05F-8131-4296-A7DA-DB1945A7E3C3}.Release|Any CPU.Build.0 = Release|Any CPU
		{9CC179AD-1C13-4F9A-A082-B1EE4BC70126}.Debug|Any CPU.ActiveCfg = Debug|Any CPU
		{9CC179AD-1C13-4F9A-A082-B1EE4BC70126}.Debug|Any CPU.Build.0 = Debug|Any CPU
		{9CC179AD-1C13-4F9A-A082-B1EE4BC70126}.Release|Any CPU.ActiveCfg = Release|Any CPU
		{9CC179AD-1C13-4F9A-A082-B1EE4BC70126}.Release|Any CPU.Build.0 = Release|Any CPU
	EndGlobalSection
	GlobalSection(SolutionProperties) = preSolution
		HideSolutionNode = FALSE
	EndGlobalSection
	GlobalSection(ExtensibilityGlobals) = postSolution
		SolutionGuid = {8D44E497-A680-4BCE-9D57-08D77C3FF7DF}
	EndGlobalSection
EndGlobal
